// !$*UTF8*$!
{
	archiveVersion = 1;
	classes = {
	};
	objectVersion = 56;
	objects = {

/* Begin PBXBuildFile section */
		5483E8D42BBE539200EC0BE0 /* Choco-Bar.png in Resources */ = {isa = PBXBuildFile; fileRef = 5483E8B52BBE539200EC0BE0 /* Choco-Bar.png */; };
		5483E8D52BBE539200EC0BE0 /* Nuga-Bar.png in Resources */ = {isa = PBXBuildFile; fileRef = 5483E8B62BBE539200EC0BE0 /* Nuga-Bar.png */; };
		5483E8D62BBE539200EC0BE0 /* Pepero-Bar.png in Resources */ = {isa = PBXBuildFile; fileRef = 5483E8B72BBE539200EC0BE0 /* Pepero-Bar.png */; };
		5483E8D72BBE539200EC0BE0 /* Pig-bar.png in Resources */ = {isa = PBXBuildFile; fileRef = 5483E8B82BBE539200EC0BE0 /* Pig-bar.png */; };
		5483E8D82BBE539200EC0BE0 /* Starnan-bar.png in Resources */ = {isa = PBXBuildFile; fileRef = 5483E8B92BBE539200EC0BE0 /* Starnan-bar.png */; };
		5483E8D92BBE539200EC0BE0 /* WaterMelon-bar.png in Resources */ = {isa = PBXBuildFile; fileRef = 5483E8BA2BBE539200EC0BE0 /* WaterMelon-bar.png */; };
		5483E8DA2BBE539200EC0BE0 /* Corn-Bread.png in Resources */ = {isa = PBXBuildFile; fileRef = 5483E8BC2BBE539200EC0BE0 /* Corn-Bread.png */; };
		5483E8DB2BBE539200EC0BE0 /* Fish-Bread.png in Resources */ = {isa = PBXBuildFile; fileRef = 5483E8BD2BBE539200EC0BE0 /* Fish-Bread.png */; };
		5483E8DC2BBE539200EC0BE0 /* Monaka-Bread.png in Resources */ = {isa = PBXBuildFile; fileRef = 5483E8BE2BBE539200EC0BE0 /* Monaka-Bread.png */; };
		5483E8DD2BBE539200EC0BE0 /* Toa-Bread.png in Resources */ = {isa = PBXBuildFile; fileRef = 5483E8BF2BBE539200EC0BE0 /* Toa-Bread.png */; };
		5483E8DE2BBE539200EC0BE0 /* True-Bread.png in Resources */ = {isa = PBXBuildFile; fileRef = 5483E8C02BBE539200EC0BE0 /* True-Bread.png */; };
		5483E8DF2BBE539200EC0BE0 /* Waffle-Bread.png in Resources */ = {isa = PBXBuildFile; fileRef = 5483E8C12BBE539200EC0BE0 /* Waffle-Bread.png */; };
		5483E8E02BBE539200EC0BE0 /* Caramel-Con.png in Resources */ = {isa = PBXBuildFile; fileRef = 5483E8C32BBE539200EC0BE0 /* Caramel-Con.png */; };
		5483E8E12BBE539200EC0BE0 /* Choco-Con.png in Resources */ = {isa = PBXBuildFile; fileRef = 5483E8C42BBE539200EC0BE0 /* Choco-Con.png */; };
		5483E8E22BBE539200EC0BE0 /* ChocoBall-Cone.png in Resources */ = {isa = PBXBuildFile; fileRef = 5483E8C52BBE539200EC0BE0 /* ChocoBall-Cone.png */; };
		5483E8E32BBE539200EC0BE0 /* Strawberry-Con.png in Resources */ = {isa = PBXBuildFile; fileRef = 5483E8C62BBE539200EC0BE0 /* Strawberry-Con.png */; };
		5483E8E42BBE539200EC0BE0 /* Super-Con.png in Resources */ = {isa = PBXBuildFile; fileRef = 5483E8C72BBE539200EC0BE0 /* Super-Con.png */; };
		5483E8E52BBE539200EC0BE0 /* Vanilla-Con.png in Resources */ = {isa = PBXBuildFile; fileRef = 5483E8C82BBE539200EC0BE0 /* Vanilla-Con.png */; };
		5483E8E62BBE539200EC0BE0 /* Cherry-Cup.png in Resources */ = {isa = PBXBuildFile; fileRef = 5483E8CA2BBE539200EC0BE0 /* Cherry-Cup.png */; };
		5483E8E72BBE539200EC0BE0 /* Choco-Cup.png in Resources */ = {isa = PBXBuildFile; fileRef = 5483E8CB2BBE539200EC0BE0 /* Choco-Cup.png */; };
		5483E8E82BBE539200EC0BE0 /* Cookie-Cup.png in Resources */ = {isa = PBXBuildFile; fileRef = 5483E8CC2BBE539200EC0BE0 /* Cookie-Cup.png */; };
		5483E8E92BBE539200EC0BE0 /* GreenTea-Cup.png in Resources */ = {isa = PBXBuildFile; fileRef = 5483E8CD2BBE539200EC0BE0 /* GreenTea-Cup.png */; };
		5483E8EA2BBE539200EC0BE0 /* Vanilla-Cup.png in Resources */ = {isa = PBXBuildFile; fileRef = 5483E8CE2BBE539200EC0BE0 /* Vanilla-Cup.png */; };
		5483E8EB2BBE539200EC0BE0 /* Weasel-Cup.png in Resources */ = {isa = PBXBuildFile; fileRef = 5483E8CF2BBE539200EC0BE0 /* Weasel-Cup.png */; };
		5483E8EC2BBE539200EC0BE0 /* Mian-Head.png in Resources */ = {isa = PBXBuildFile; fileRef = 5483E8D12BBE539200EC0BE0 /* Mian-Head.png */; };
		5483E8F22BBE53A000EC0BE0 /* icebar.png in Resources */ = {isa = PBXBuildFile; fileRef = 5483E8ED2BBE53A000EC0BE0 /* icebar.png */; };
		5483E8F32BBE53A000EC0BE0 /* icebared.png in Resources */ = {isa = PBXBuildFile; fileRef = 5483E8EE2BBE53A000EC0BE0 /* icebared.png */; };
		5483E8F42BBE53A000EC0BE0 /* icecon.png in Resources */ = {isa = PBXBuildFile; fileRef = 5483E8EF2BBE53A000EC0BE0 /* icecon.png */; };
		5483E8F52BBE53A000EC0BE0 /* icecup.png in Resources */ = {isa = PBXBuildFile; fileRef = 5483E8F02BBE53A000EC0BE0 /* icecup.png */; };
		5483E8FA2BBE772A00EC0BE0 /* ProductViewCell.swift in Sources */ = {isa = PBXBuildFile; fileRef = 5483E8F92BBE772A00EC0BE0 /* ProductViewCell.swift */; };
		5483E8FC2BBE822500EC0BE0 /* BinggraeSamanco-Bold.otf in Resources */ = {isa = PBXBuildFile; fileRef = 5483E8FB2BBE822500EC0BE0 /* BinggraeSamanco-Bold.otf */; };
		5483E8FE2BBEB91100EC0BE0 /* CustomCollectionViewCell.xib in Resources */ = {isa = PBXBuildFile; fileRef = 5483E8FD2BBEB91100EC0BE0 /* CustomCollectionViewCell.xib */; };
		5483E9002BBEB9D900EC0BE0 /* CustomcollectionViewCell.swift in Sources */ = {isa = PBXBuildFile; fileRef = 5483E8FF2BBEB9D900EC0BE0 /* CustomcollectionViewCell.swift */; };
		8E7518AB2BBC284C0076AC02 /* AppDelegate.swift in Sources */ = {isa = PBXBuildFile; fileRef = 8E7518AA2BBC284C0076AC02 /* AppDelegate.swift */; };
		8E7518AD2BBC284C0076AC02 /* SceneDelegate.swift in Sources */ = {isa = PBXBuildFile; fileRef = 8E7518AC2BBC284C0076AC02 /* SceneDelegate.swift */; };
		8E7518AF2BBC284C0076AC02 /* ViewController.swift in Sources */ = {isa = PBXBuildFile; fileRef = 8E7518AE2BBC284C0076AC02 /* ViewController.swift */; };
		8E7518B22BBC284C0076AC02 /* Base in Resources */ = {isa = PBXBuildFile; fileRef = 8E7518B12BBC284C0076AC02 /* Base */; };
		8E7518B42BBC284E0076AC02 /* Assets.xcassets in Resources */ = {isa = PBXBuildFile; fileRef = 8E7518B32BBC284E0076AC02 /* Assets.xcassets */; };
		8E7518B72BBC284E0076AC02 /* Base in Resources */ = {isa = PBXBuildFile; fileRef = 8E7518B62BBC284E0076AC02 /* Base */; };
/* End PBXBuildFile section */

/* Begin PBXFileReference section */
		5483E8B52BBE539200EC0BE0 /* Choco-Bar.png */ = {isa = PBXFileReference; lastKnownFileType = image.png; path = "Choco-Bar.png"; sourceTree = "<group>"; };
		5483E8B62BBE539200EC0BE0 /* Nuga-Bar.png */ = {isa = PBXFileReference; lastKnownFileType = image.png; path = "Nuga-Bar.png"; sourceTree = "<group>"; };
		5483E8B72BBE539200EC0BE0 /* Pepero-Bar.png */ = {isa = PBXFileReference; lastKnownFileType = image.png; path = "Pepero-Bar.png"; sourceTree = "<group>"; };
		5483E8B82BBE539200EC0BE0 /* Pig-bar.png */ = {isa = PBXFileReference; lastKnownFileType = image.png; path = "Pig-bar.png"; sourceTree = "<group>"; };
		5483E8B92BBE539200EC0BE0 /* Starnan-bar.png */ = {isa = PBXFileReference; lastKnownFileType = image.png; path = "Starnan-bar.png"; sourceTree = "<group>"; };
		5483E8BA2BBE539200EC0BE0 /* WaterMelon-bar.png */ = {isa = PBXFileReference; lastKnownFileType = image.png; path = "WaterMelon-bar.png"; sourceTree = "<group>"; };
		5483E8BC2BBE539200EC0BE0 /* Corn-Bread.png */ = {isa = PBXFileReference; lastKnownFileType = image.png; path = "Corn-Bread.png"; sourceTree = "<group>"; };
		5483E8BD2BBE539200EC0BE0 /* Fish-Bread.png */ = {isa = PBXFileReference; lastKnownFileType = image.png; path = "Fish-Bread.png"; sourceTree = "<group>"; };
		5483E8BE2BBE539200EC0BE0 /* Monaka-Bread.png */ = {isa = PBXFileReference; lastKnownFileType = image.png; path = "Monaka-Bread.png"; sourceTree = "<group>"; };
		5483E8BF2BBE539200EC0BE0 /* Toa-Bread.png */ = {isa = PBXFileReference; lastKnownFileType = image.png; path = "Toa-Bread.png"; sourceTree = "<group>"; };
		5483E8C02BBE539200EC0BE0 /* True-Bread.png */ = {isa = PBXFileReference; lastKnownFileType = image.png; path = "True-Bread.png"; sourceTree = "<group>"; };
		5483E8C12BBE539200EC0BE0 /* Waffle-Bread.png */ = {isa = PBXFileReference; lastKnownFileType = image.png; path = "Waffle-Bread.png"; sourceTree = "<group>"; };
		5483E8C32BBE539200EC0BE0 /* Caramel-Con.png */ = {isa = PBXFileReference; lastKnownFileType = image.png; path = "Caramel-Con.png"; sourceTree = "<group>"; };
		5483E8C42BBE539200EC0BE0 /* Choco-Con.png */ = {isa = PBXFileReference; lastKnownFileType = image.png; path = "Choco-Con.png"; sourceTree = "<group>"; };
		5483E8C52BBE539200EC0BE0 /* ChocoBall-Cone.png */ = {isa = PBXFileReference; lastKnownFileType = image.png; path = "ChocoBall-Cone.png"; sourceTree = "<group>"; };
		5483E8C62BBE539200EC0BE0 /* Strawberry-Con.png */ = {isa = PBXFileReference; lastKnownFileType = image.png; path = "Strawberry-Con.png"; sourceTree = "<group>"; };
		5483E8C72BBE539200EC0BE0 /* Super-Con.png */ = {isa = PBXFileReference; lastKnownFileType = image.png; path = "Super-Con.png"; sourceTree = "<group>"; };
		5483E8C82BBE539200EC0BE0 /* Vanilla-Con.png */ = {isa = PBXFileReference; lastKnownFileType = image.png; path = "Vanilla-Con.png"; sourceTree = "<group>"; };
		5483E8CA2BBE539200EC0BE0 /* Cherry-Cup.png */ = {isa = PBXFileReference; lastKnownFileType = image.png; path = "Cherry-Cup.png"; sourceTree = "<group>"; };
		5483E8CB2BBE539200EC0BE0 /* Choco-Cup.png */ = {isa = PBXFileReference; lastKnownFileType = image.png; path = "Choco-Cup.png"; sourceTree = "<group>"; };
		5483E8CC2BBE539200EC0BE0 /* Cookie-Cup.png */ = {isa = PBXFileReference; lastKnownFileType = image.png; path = "Cookie-Cup.png"; sourceTree = "<group>"; };
		5483E8CD2BBE539200EC0BE0 /* GreenTea-Cup.png */ = {isa = PBXFileReference; lastKnownFileType = image.png; path = "GreenTea-Cup.png"; sourceTree = "<group>"; };
		5483E8CE2BBE539200EC0BE0 /* Vanilla-Cup.png */ = {isa = PBXFileReference; lastKnownFileType = image.png; path = "Vanilla-Cup.png"; sourceTree = "<group>"; };
		5483E8CF2BBE539200EC0BE0 /* Weasel-Cup.png */ = {isa = PBXFileReference; lastKnownFileType = image.png; path = "Weasel-Cup.png"; sourceTree = "<group>"; };
		5483E8D12BBE539200EC0BE0 /* Mian-Head.png */ = {isa = PBXFileReference; lastKnownFileType = image.png; path = "Mian-Head.png"; sourceTree = "<group>"; };
		5483E8ED2BBE53A000EC0BE0 /* icebar.png */ = {isa = PBXFileReference; lastKnownFileType = image.png; path = icebar.png; sourceTree = "<group>"; };
		5483E8EE2BBE53A000EC0BE0 /* icebared.png */ = {isa = PBXFileReference; lastKnownFileType = image.png; path = icebared.png; sourceTree = "<group>"; };
		5483E8EF2BBE53A000EC0BE0 /* icecon.png */ = {isa = PBXFileReference; lastKnownFileType = image.png; path = icecon.png; sourceTree = "<group>"; };
		5483E8F02BBE53A000EC0BE0 /* icecup.png */ = {isa = PBXFileReference; lastKnownFileType = image.png; path = icecup.png; sourceTree = "<group>"; };
		5483E8F92BBE772A00EC0BE0 /* ProductViewCell.swift */ = {isa = PBXFileReference; lastKnownFileType = sourcecode.swift; path = ProductViewCell.swift; sourceTree = "<group>"; };
		5483E8FB2BBE822500EC0BE0 /* BinggraeSamanco-Bold.otf */ = {isa = PBXFileReference; lastKnownFileType = file; path = "BinggraeSamanco-Bold.otf"; sourceTree = "<group>"; };
		5483E8FD2BBEB91100EC0BE0 /* CustomCollectionViewCell.xib */ = {isa = PBXFileReference; lastKnownFileType = file.xib; path = CustomCollectionViewCell.xib; sourceTree = "<group>"; };
		5483E8FF2BBEB9D900EC0BE0 /* CustomcollectionViewCell.swift */ = {isa = PBXFileReference; lastKnownFileType = sourcecode.swift; path = CustomcollectionViewCell.swift; sourceTree = "<group>"; };
		8E7518A72BBC284C0076AC02 /* IceCreamKiosk.app */ = {isa = PBXFileReference; explicitFileType = wrapper.application; includeInIndex = 0; path = IceCreamKiosk.app; sourceTree = BUILT_PRODUCTS_DIR; };
		8E7518AA2BBC284C0076AC02 /* AppDelegate.swift */ = {isa = PBXFileReference; lastKnownFileType = sourcecode.swift; path = AppDelegate.swift; sourceTree = "<group>"; };
		8E7518AC2BBC284C0076AC02 /* SceneDelegate.swift */ = {isa = PBXFileReference; lastKnownFileType = sourcecode.swift; path = SceneDelegate.swift; sourceTree = "<group>"; };
		8E7518AE2BBC284C0076AC02 /* ViewController.swift */ = {isa = PBXFileReference; lastKnownFileType = sourcecode.swift; path = ViewController.swift; sourceTree = "<group>"; };
		8E7518B12BBC284C0076AC02 /* Base */ = {isa = PBXFileReference; lastKnownFileType = file.storyboard; name = Base; path = Base.lproj/Main.storyboard; sourceTree = "<group>"; };
		8E7518B32BBC284E0076AC02 /* Assets.xcassets */ = {isa = PBXFileReference; lastKnownFileType = folder.assetcatalog; path = Assets.xcassets; sourceTree = "<group>"; };
		8E7518B62BBC284E0076AC02 /* Base */ = {isa = PBXFileReference; lastKnownFileType = file.storyboard; name = Base; path = Base.lproj/LaunchScreen.storyboard; sourceTree = "<group>"; };
		8E7518B82BBC284E0076AC02 /* Info.plist */ = {isa = PBXFileReference; lastKnownFileType = text.plist.xml; path = Info.plist; sourceTree = "<group>"; };
/* End PBXFileReference section */

/* Begin PBXFrameworksBuildPhase section */
		8E7518A42BBC284C0076AC02 /* Frameworks */ = {
			isa = PBXFrameworksBuildPhase;
			buildActionMask = 2147483647;
			files = (
			);
			runOnlyForDeploymentPostprocessing = 0;
		};
/* End PBXFrameworksBuildPhase section */

/* Begin PBXGroup section */
		5483E8BB2BBE539200EC0BE0 /* Bar */ = {
			isa = PBXGroup;
			children = (
				5483E8B52BBE539200EC0BE0 /* Choco-Bar.png */,
				5483E8B62BBE539200EC0BE0 /* Nuga-Bar.png */,
				5483E8B72BBE539200EC0BE0 /* Pepero-Bar.png */,
				5483E8B82BBE539200EC0BE0 /* Pig-bar.png */,
				5483E8B92BBE539200EC0BE0 /* Starnan-bar.png */,
				5483E8BA2BBE539200EC0BE0 /* WaterMelon-bar.png */,
			);
			path = Bar;
			sourceTree = "<group>";
		};
		5483E8C22BBE539200EC0BE0 /* Bread */ = {
			isa = PBXGroup;
			children = (
				5483E8BC2BBE539200EC0BE0 /* Corn-Bread.png */,
				5483E8BD2BBE539200EC0BE0 /* Fish-Bread.png */,
				5483E8BE2BBE539200EC0BE0 /* Monaka-Bread.png */,
				5483E8BF2BBE539200EC0BE0 /* Toa-Bread.png */,
				5483E8C02BBE539200EC0BE0 /* True-Bread.png */,
				5483E8C12BBE539200EC0BE0 /* Waffle-Bread.png */,
			);
			path = Bread;
			sourceTree = "<group>";
		};
		5483E8C92BBE539200EC0BE0 /* Con */ = {
			isa = PBXGroup;
			children = (
				5483E8C32BBE539200EC0BE0 /* Caramel-Con.png */,
				5483E8C42BBE539200EC0BE0 /* Choco-Con.png */,
				5483E8C52BBE539200EC0BE0 /* ChocoBall-Cone.png */,
				5483E8C62BBE539200EC0BE0 /* Strawberry-Con.png */,
				5483E8C72BBE539200EC0BE0 /* Super-Con.png */,
				5483E8C82BBE539200EC0BE0 /* Vanilla-Con.png */,
			);
			path = Con;
			sourceTree = "<group>";
		};
		5483E8D02BBE539200EC0BE0 /* Cup */ = {
			isa = PBXGroup;
			children = (
				5483E8CA2BBE539200EC0BE0 /* Cherry-Cup.png */,
				5483E8CB2BBE539200EC0BE0 /* Choco-Cup.png */,
				5483E8CC2BBE539200EC0BE0 /* Cookie-Cup.png */,
				5483E8CD2BBE539200EC0BE0 /* GreenTea-Cup.png */,
				5483E8CE2BBE539200EC0BE0 /* Vanilla-Cup.png */,
				5483E8CF2BBE539200EC0BE0 /* Weasel-Cup.png */,
			);
			path = Cup;
			sourceTree = "<group>";
		};
		5483E8D22BBE539200EC0BE0 /* Main */ = {
			isa = PBXGroup;
			children = (
				5483E8D12BBE539200EC0BE0 /* Mian-Head.png */,
			);
			path = Main;
			sourceTree = "<group>";
		};
		5483E8D32BBE539200EC0BE0 /* ItemImages */ = {
			isa = PBXGroup;
			children = (
				5483E8BB2BBE539200EC0BE0 /* Bar */,
				5483E8C22BBE539200EC0BE0 /* Bread */,
				5483E8C92BBE539200EC0BE0 /* Con */,
				5483E8D02BBE539200EC0BE0 /* Cup */,
				5483E8D22BBE539200EC0BE0 /* Main */,
			);
			path = ItemImages;
			sourceTree = SOURCE_ROOT;
		};
		5483E8F12BBE53A000EC0BE0 /* Tapbarimage */ = {
			isa = PBXGroup;
			children = (
				5483E8ED2BBE53A000EC0BE0 /* icebar.png */,
				5483E8EE2BBE53A000EC0BE0 /* icebared.png */,
				5483E8EF2BBE53A000EC0BE0 /* icecon.png */,
				5483E8F02BBE53A000EC0BE0 /* icecup.png */,
			);
			path = Tapbarimage;
			sourceTree = SOURCE_ROOT;
		};
		5483E8F72BBE55D100EC0BE0 /* Font */ = {
			isa = PBXGroup;
			children = (
			);
			path = Font;
			sourceTree = SOURCE_ROOT;
		};
		8E75189E2BBC284C0076AC02 = {
			isa = PBXGroup;
			children = (
				8E7518A92BBC284C0076AC02 /* IceCreamKiosk */,
				8E7518A82BBC284C0076AC02 /* Products */,
			);
			sourceTree = "<group>";
		};
		8E7518A82BBC284C0076AC02 /* Products */ = {
			isa = PBXGroup;
			children = (
				8E7518A72BBC284C0076AC02 /* IceCreamKiosk.app */,
			);
			name = Products;
			sourceTree = "<group>";
		};
		8E7518A92BBC284C0076AC02 /* IceCreamKiosk */ = {
			isa = PBXGroup;
			children = (
				5483E8FB2BBE822500EC0BE0 /* BinggraeSamanco-Bold.otf */,
				8E7518AA2BBC284C0076AC02 /* AppDelegate.swift */,
				8E7518AC2BBC284C0076AC02 /* SceneDelegate.swift */,
				5483E8F92BBE772A00EC0BE0 /* ProductViewCell.swift */,
				8E7518AE2BBC284C0076AC02 /* ViewController.swift */,
				5483E8FF2BBEB9D900EC0BE0 /* CustomcollectionViewCell.swift */,
				5483E8FD2BBEB91100EC0BE0 /* CustomCollectionViewCell.xib */,
				8E7518B02BBC284C0076AC02 /* Main.storyboard */,
				8E7518B32BBC284E0076AC02 /* Assets.xcassets */,
				8E7518B52BBC284E0076AC02 /* LaunchScreen.storyboard */,
				8E7518B82BBC284E0076AC02 /* Info.plist */,
				5483E8F72BBE55D100EC0BE0 /* Font */,
				5483E8F12BBE53A000EC0BE0 /* Tapbarimage */,
				5483E8D32BBE539200EC0BE0 /* ItemImages */,
			);
			path = IceCreamKiosk;
			sourceTree = "<group>";
		};
/* End PBXGroup section */

/* Begin PBXNativeTarget section */
		8E7518A62BBC284C0076AC02 /* IceCreamKiosk */ = {
			isa = PBXNativeTarget;
			buildConfigurationList = 8E7518BB2BBC284E0076AC02 /* Build configuration list for PBXNativeTarget "IceCreamKiosk" */;
			buildPhases = (
				8E7518A32BBC284C0076AC02 /* Sources */,
				8E7518A42BBC284C0076AC02 /* Frameworks */,
				8E7518A52BBC284C0076AC02 /* Resources */,
			);
			buildRules = (
			);
			dependencies = (
			);
			name = IceCreamKiosk;
			productName = IceCreamKiosk;
			productReference = 8E7518A72BBC284C0076AC02 /* IceCreamKiosk.app */;
			productType = "com.apple.product-type.application";
		};
/* End PBXNativeTarget section */

/* Begin PBXProject section */
		8E75189F2BBC284C0076AC02 /* Project object */ = {
			isa = PBXProject;
			attributes = {
				BuildIndependentTargetsInParallel = 1;
				LastSwiftUpdateCheck = 1530;
				LastUpgradeCheck = 1530;
				TargetAttributes = {
					8E7518A62BBC284C0076AC02 = {
						CreatedOnToolsVersion = 15.3;
					};
				};
			};
			buildConfigurationList = 8E7518A22BBC284C0076AC02 /* Build configuration list for PBXProject "IceCreamKiosk" */;
			compatibilityVersion = "Xcode 14.0";
			developmentRegion = en;
			hasScannedForEncodings = 0;
			knownRegions = (
				en,
				Base,
			);
			mainGroup = 8E75189E2BBC284C0076AC02;
			productRefGroup = 8E7518A82BBC284C0076AC02 /* Products */;
			projectDirPath = "";
			projectRoot = "";
			targets = (
				8E7518A62BBC284C0076AC02 /* IceCreamKiosk */,
			);
		};
/* End PBXProject section */

/* Begin PBXResourcesBuildPhase section */
		8E7518A52BBC284C0076AC02 /* Resources */ = {
			isa = PBXResourcesBuildPhase;
			buildActionMask = 2147483647;
			files = (
				5483E8E72BBE539200EC0BE0 /* Choco-Cup.png in Resources */,
				5483E8DD2BBE539200EC0BE0 /* Toa-Bread.png in Resources */,
				5483E8D52BBE539200EC0BE0 /* Nuga-Bar.png in Resources */,
				8E7518B42BBC284E0076AC02 /* Assets.xcassets in Resources */,
				5483E8F32BBE53A000EC0BE0 /* icebared.png in Resources */,
				5483E8DA2BBE539200EC0BE0 /* Corn-Bread.png in Resources */,
				5483E8E02BBE539200EC0BE0 /* Caramel-Con.png in Resources */,
				5483E8E12BBE539200EC0BE0 /* Choco-Con.png in Resources */,
				5483E8E22BBE539200EC0BE0 /* ChocoBall-Cone.png in Resources */,
				5483E8E82BBE539200EC0BE0 /* Cookie-Cup.png in Resources */,
				5483E8E62BBE539200EC0BE0 /* Cherry-Cup.png in Resources */,
				5483E8FC2BBE822500EC0BE0 /* BinggraeSamanco-Bold.otf in Resources */,
				5483E8F42BBE53A000EC0BE0 /* icecon.png in Resources */,
				5483E8E92BBE539200EC0BE0 /* GreenTea-Cup.png in Resources */,
				5483E8D72BBE539200EC0BE0 /* Pig-bar.png in Resources */,
				5483E8E42BBE539200EC0BE0 /* Super-Con.png in Resources */,
				5483E8D82BBE539200EC0BE0 /* Starnan-bar.png in Resources */,
				5483E8F22BBE53A000EC0BE0 /* icebar.png in Resources */,
				5483E8DC2BBE539200EC0BE0 /* Monaka-Bread.png in Resources */,
				8E7518B72BBC284E0076AC02 /* Base in Resources */,
				5483E8EC2BBE539200EC0BE0 /* Mian-Head.png in Resources */,
				5483E8FE2BBEB91100EC0BE0 /* CustomCollectionViewCell.xib in Resources */,
				5483E8D42BBE539200EC0BE0 /* Choco-Bar.png in Resources */,
				5483E8DB2BBE539200EC0BE0 /* Fish-Bread.png in Resources */,
				5483E8F52BBE53A000EC0BE0 /* icecup.png in Resources */,
				5483E8EA2BBE539200EC0BE0 /* Vanilla-Cup.png in Resources */,
				5483E8DE2BBE539200EC0BE0 /* True-Bread.png in Resources */,
				5483E8E52BBE539200EC0BE0 /* Vanilla-Con.png in Resources */,
				5483E8DF2BBE539200EC0BE0 /* Waffle-Bread.png in Resources */,
				5483E8D62BBE539200EC0BE0 /* Pepero-Bar.png in Resources */,
				5483E8D92BBE539200EC0BE0 /* WaterMelon-bar.png in Resources */,
				5483E8EB2BBE539200EC0BE0 /* Weasel-Cup.png in Resources */,
				8E7518B22BBC284C0076AC02 /* Base in Resources */,
				5483E8E32BBE539200EC0BE0 /* Strawberry-Con.png in Resources */,
			);
			runOnlyForDeploymentPostprocessing = 0;
		};
/* End PBXResourcesBuildPhase section */

/* Begin PBXSourcesBuildPhase section */
		8E7518A32BBC284C0076AC02 /* Sources */ = {
			isa = PBXSourcesBuildPhase;
			buildActionMask = 2147483647;
			files = (
				5483E8FA2BBE772A00EC0BE0 /* ProductViewCell.swift in Sources */,
				8E7518AF2BBC284C0076AC02 /* ViewController.swift in Sources */,
				8E7518AB2BBC284C0076AC02 /* AppDelegate.swift in Sources */,
				8E7518AD2BBC284C0076AC02 /* SceneDelegate.swift in Sources */,
				5483E9002BBEB9D900EC0BE0 /* CustomcollectionViewCell.swift in Sources */,
			);
			runOnlyForDeploymentPostprocessing = 0;
		};
/* End PBXSourcesBuildPhase section */

/* Begin PBXVariantGroup section */
		8E7518B02BBC284C0076AC02 /* Main.storyboard */ = {
			isa = PBXVariantGroup;
			children = (
				8E7518B12BBC284C0076AC02 /* Base */,
			);
			name = Main.storyboard;
			sourceTree = "<group>";
		};
		8E7518B52BBC284E0076AC02 /* LaunchScreen.storyboard */ = {
			isa = PBXVariantGroup;
			children = (
				8E7518B62BBC284E0076AC02 /* Base */,
			);
			name = LaunchScreen.storyboard;
			sourceTree = "<group>";
		};
/* End PBXVariantGroup section */

/* Begin XCBuildConfiguration section */
		8E7518B92BBC284E0076AC02 /* Debug */ = {
			isa = XCBuildConfiguration;
			buildSettings = {
				ALWAYS_SEARCH_USER_PATHS = NO;
				ASSETCATALOG_COMPILER_GENERATE_SWIFT_ASSET_SYMBOL_EXTENSIONS = YES;
				CLANG_ANALYZER_NONNULL = YES;
				CLANG_ANALYZER_NUMBER_OBJECT_CONVERSION = YES_AGGRESSIVE;
				CLANG_CXX_LANGUAGE_STANDARD = "gnu++20";
				CLANG_ENABLE_MODULES = YES;
				CLANG_ENABLE_OBJC_ARC = YES;
				CLANG_ENABLE_OBJC_WEAK = YES;
				CLANG_WARN_BLOCK_CAPTURE_AUTORELEASING = YES;
				CLANG_WARN_BOOL_CONVERSION = YES;
				CLANG_WARN_COMMA = YES;
				CLANG_WARN_CONSTANT_CONVERSION = YES;
				CLANG_WARN_DEPRECATED_OBJC_IMPLEMENTATIONS = YES;
				CLANG_WARN_DIRECT_OBJC_ISA_USAGE = YES_ERROR;
				CLANG_WARN_DOCUMENTATION_COMMENTS = YES;
				CLANG_WARN_EMPTY_BODY = YES;
				CLANG_WARN_ENUM_CONVERSION = YES;
				CLANG_WARN_INFINITE_RECURSION = YES;
				CLANG_WARN_INT_CONVERSION = YES;
				CLANG_WARN_NON_LITERAL_NULL_CONVERSION = YES;
				CLANG_WARN_OBJC_IMPLICIT_RETAIN_SELF = YES;
				CLANG_WARN_OBJC_LITERAL_CONVERSION = YES;
				CLANG_WARN_OBJC_ROOT_CLASS = YES_ERROR;
				CLANG_WARN_QUOTED_INCLUDE_IN_FRAMEWORK_HEADER = YES;
				CLANG_WARN_RANGE_LOOP_ANALYSIS = YES;
				CLANG_WARN_STRICT_PROTOTYPES = YES;
				CLANG_WARN_SUSPICIOUS_MOVE = YES;
				CLANG_WARN_UNGUARDED_AVAILABILITY = YES_AGGRESSIVE;
				CLANG_WARN_UNREACHABLE_CODE = YES;
				CLANG_WARN__DUPLICATE_METHOD_MATCH = YES;
				COPY_PHASE_STRIP = NO;
				DEBUG_INFORMATION_FORMAT = dwarf;
				ENABLE_STRICT_OBJC_MSGSEND = YES;
				ENABLE_TESTABILITY = YES;
				ENABLE_USER_SCRIPT_SANDBOXING = YES;
				GCC_C_LANGUAGE_STANDARD = gnu17;
				GCC_DYNAMIC_NO_PIC = NO;
				GCC_NO_COMMON_BLOCKS = YES;
				GCC_OPTIMIZATION_LEVEL = 0;
				GCC_PREPROCESSOR_DEFINITIONS = (
					"DEBUG=1",
					"$(inherited)",
				);
				GCC_WARN_64_TO_32_BIT_CONVERSION = YES;
				GCC_WARN_ABOUT_RETURN_TYPE = YES_ERROR;
				GCC_WARN_UNDECLARED_SELECTOR = YES;
				GCC_WARN_UNINITIALIZED_AUTOS = YES_AGGRESSIVE;
				GCC_WARN_UNUSED_FUNCTION = YES;
				GCC_WARN_UNUSED_VARIABLE = YES;
				IPHONEOS_DEPLOYMENT_TARGET = 17.4;
				LOCALIZATION_PREFERS_STRING_CATALOGS = YES;
				MTL_ENABLE_DEBUG_INFO = INCLUDE_SOURCE;
				MTL_FAST_MATH = YES;
				ONLY_ACTIVE_ARCH = YES;
				SDKROOT = iphoneos;
				SWIFT_ACTIVE_COMPILATION_CONDITIONS = "DEBUG $(inherited)";
				SWIFT_OPTIMIZATION_LEVEL = "-Onone";
			};
			name = Debug;
		};
		8E7518BA2BBC284E0076AC02 /* Release */ = {
			isa = XCBuildConfiguration;
			buildSettings = {
				ALWAYS_SEARCH_USER_PATHS = NO;
				ASSETCATALOG_COMPILER_GENERATE_SWIFT_ASSET_SYMBOL_EXTENSIONS = YES;
				CLANG_ANALYZER_NONNULL = YES;
				CLANG_ANALYZER_NUMBER_OBJECT_CONVERSION = YES_AGGRESSIVE;
				CLANG_CXX_LANGUAGE_STANDARD = "gnu++20";
				CLANG_ENABLE_MODULES = YES;
				CLANG_ENABLE_OBJC_ARC = YES;
				CLANG_ENABLE_OBJC_WEAK = YES;
				CLANG_WARN_BLOCK_CAPTURE_AUTORELEASING = YES;
				CLANG_WARN_BOOL_CONVERSION = YES;
				CLANG_WARN_COMMA = YES;
				CLANG_WARN_CONSTANT_CONVERSION = YES;
				CLANG_WARN_DEPRECATED_OBJC_IMPLEMENTATIONS = YES;
				CLANG_WARN_DIRECT_OBJC_ISA_USAGE = YES_ERROR;
				CLANG_WARN_DOCUMENTATION_COMMENTS = YES;
				CLANG_WARN_EMPTY_BODY = YES;
				CLANG_WARN_ENUM_CONVERSION = YES;
				CLANG_WARN_INFINITE_RECURSION = YES;
				CLANG_WARN_INT_CONVERSION = YES;
				CLANG_WARN_NON_LITERAL_NULL_CONVERSION = YES;
				CLANG_WARN_OBJC_IMPLICIT_RETAIN_SELF = YES;
				CLANG_WARN_OBJC_LITERAL_CONVERSION = YES;
				CLANG_WARN_OBJC_ROOT_CLASS = YES_ERROR;
				CLANG_WARN_QUOTED_INCLUDE_IN_FRAMEWORK_HEADER = YES;
				CLANG_WARN_RANGE_LOOP_ANALYSIS = YES;
				CLANG_WARN_STRICT_PROTOTYPES = YES;
				CLANG_WARN_SUSPICIOUS_MOVE = YES;
				CLANG_WARN_UNGUARDED_AVAILABILITY = YES_AGGRESSIVE;
				CLANG_WARN_UNREACHABLE_CODE = YES;
				CLANG_WARN__DUPLICATE_METHOD_MATCH = YES;
				COPY_PHASE_STRIP = NO;
				DEBUG_INFORMATION_FORMAT = "dwarf-with-dsym";
				ENABLE_NS_ASSERTIONS = NO;
				ENABLE_STRICT_OBJC_MSGSEND = YES;
				ENABLE_USER_SCRIPT_SANDBOXING = YES;
				GCC_C_LANGUAGE_STANDARD = gnu17;
				GCC_NO_COMMON_BLOCKS = YES;
				GCC_WARN_64_TO_32_BIT_CONVERSION = YES;
				GCC_WARN_ABOUT_RETURN_TYPE = YES_ERROR;
				GCC_WARN_UNDECLARED_SELECTOR = YES;
				GCC_WARN_UNINITIALIZED_AUTOS = YES_AGGRESSIVE;
				GCC_WARN_UNUSED_FUNCTION = YES;
				GCC_WARN_UNUSED_VARIABLE = YES;
				IPHONEOS_DEPLOYMENT_TARGET = 17.4;
				LOCALIZATION_PREFERS_STRING_CATALOGS = YES;
				MTL_ENABLE_DEBUG_INFO = NO;
				MTL_FAST_MATH = YES;
				SDKROOT = iphoneos;
				SWIFT_COMPILATION_MODE = wholemodule;
				VALIDATE_PRODUCT = YES;
			};
			name = Release;
		};
		8E7518BC2BBC284E0076AC02 /* Debug */ = {
			isa = XCBuildConfiguration;
			buildSettings = {
				ASSETCATALOG_COMPILER_APPICON_NAME = AppIcon;
				ASSETCATALOG_COMPILER_GLOBAL_ACCENT_COLOR_NAME = AccentColor;
				CODE_SIGN_STYLE = Automatic;
				CURRENT_PROJECT_VERSION = 1;
				DEVELOPMENT_TEAM = FPYJAG45SA;
				GENERATE_INFOPLIST_FILE = YES;
				INFOPLIST_FILE = IceCreamKiosk/Info.plist;
				INFOPLIST_KEY_UIApplicationSupportsIndirectInputEvents = YES;
				INFOPLIST_KEY_UILaunchStoryboardName = LaunchScreen;
				INFOPLIST_KEY_UIMainStoryboardFile = Main;
				INFOPLIST_KEY_UISupportedInterfaceOrientations_iPad = "UIInterfaceOrientationPortrait UIInterfaceOrientationPortraitUpsideDown UIInterfaceOrientationLandscapeLeft UIInterfaceOrientationLandscapeRight";
				INFOPLIST_KEY_UISupportedInterfaceOrientations_iPhone = "UIInterfaceOrientationPortrait UIInterfaceOrientationLandscapeLeft UIInterfaceOrientationLandscapeRight";
				LD_RUNPATH_SEARCH_PATHS = (
					"$(inherited)",
					"@executable_path/Frameworks",
				);
				MARKETING_VERSION = 1.0;
				PRODUCT_BUNDLE_IDENTIFIER = com.saengle.IceCreamKiosk;
				PRODUCT_NAME = "$(TARGET_NAME)";
				SWIFT_EMIT_LOC_STRINGS = YES;
				SWIFT_VERSION = 5.0;
				TARGETED_DEVICE_FAMILY = "1,2";
			};
			name = Debug;
		};
		8E7518BD2BBC284E0076AC02 /* Release */ = {
			isa = XCBuildConfiguration;
			buildSettings = {
				ASSETCATALOG_COMPILER_APPICON_NAME = AppIcon;
				ASSETCATALOG_COMPILER_GLOBAL_ACCENT_COLOR_NAME = AccentColor;
				CODE_SIGN_STYLE = Automatic;
				CURRENT_PROJECT_VERSION = 1;
				DEVELOPMENT_TEAM = FPYJAG45SA;
				GENERATE_INFOPLIST_FILE = YES;
				INFOPLIST_FILE = IceCreamKiosk/Info.plist;
				INFOPLIST_KEY_UIApplicationSupportsIndirectInputEvents = YES;
				INFOPLIST_KEY_UILaunchStoryboardName = LaunchScreen;
				INFOPLIST_KEY_UIMainStoryboardFile = Main;
				INFOPLIST_KEY_UISupportedInterfaceOrientations_iPad = "UIInterfaceOrientationPortrait UIInterfaceOrientationPortraitUpsideDown UIInterfaceOrientationLandscapeLeft UIInterfaceOrientationLandscapeRight";
				INFOPLIST_KEY_UISupportedInterfaceOrientations_iPhone = "UIInterfaceOrientationPortrait UIInterfaceOrientationLandscapeLeft UIInterfaceOrientationLandscapeRight";
				LD_RUNPATH_SEARCH_PATHS = (
					"$(inherited)",
					"@executable_path/Frameworks",
				);
				MARKETING_VERSION = 1.0;
				PRODUCT_BUNDLE_IDENTIFIER = com.saengle.IceCreamKiosk;
				PRODUCT_NAME = "$(TARGET_NAME)";
				SWIFT_EMIT_LOC_STRINGS = YES;
				SWIFT_VERSION = 5.0;
				TARGETED_DEVICE_FAMILY = "1,2";
			};
			name = Release;
		};
/* End XCBuildConfiguration section */

/* Begin XCConfigurationList section */
		8E7518A22BBC284C0076AC02 /* Build configuration list for PBXProject "IceCreamKiosk" */ = {
			isa = XCConfigurationList;
			buildConfigurations = (
				8E7518B92BBC284E0076AC02 /* Debug */,
				8E7518BA2BBC284E0076AC02 /* Release */,
			);
			defaultConfigurationIsVisible = 0;
			defaultConfigurationName = Release;
		};
		8E7518BB2BBC284E0076AC02 /* Build configuration list for PBXNativeTarget "IceCreamKiosk" */ = {
			isa = XCConfigurationList;
			buildConfigurations = (
				8E7518BC2BBC284E0076AC02 /* Debug */,
				8E7518BD2BBC284E0076AC02 /* Release */,
			);
			defaultConfigurationIsVisible = 0;
			defaultConfigurationName = Release;
		};
/* End XCConfigurationList section */
	};
	rootObject = 8E75189F2BBC284C0076AC02 /* Project object */;
}
